
Microsoft Visual Studio Solution File, Format Version 12.00
# Visual Studio Version 16
VisualStudioVersion = 16.0.31613.86
MinimumVisualStudioVersion = 10.0.40219.1
Project("{FAE04EC0-301F-11D3-BF4B-00C04F79EFBC}") = "DIS_Assignment_1_Fall2021", "DIS_Assignment_1_Fall2021\DIS_Assignment_1_Fall2021.csproj", "{A7667E92-F50B-4D17-866F-6734DF0B87E4}"
EndProject
Global
	GlobalSection(SolutionConfigurationPlatforms) = preSolution
		Debug|Any CPU = Debug|Any CPU
		Release|Any CPU = Release|Any CPU
	EndGlobalSection
	GlobalSection(ProjectConfigurationPlatforms) = postSolution
		{A7667E92-F50B-4D17-866F-6734DF0B87E4}.Debug|Any CPU.ActiveCfg = Debug|Any CPU
		{A7667E92-F50B-4D17-866F-6734DF0B87E4}.Debug|Any CPU.Build.0 = Debug|Any CPU
		{A7667E92-F50B-4D17-866F-6734DF0B87E4}.Release|Any CPU.ActiveCfg = Release|Any CPU
		{A7667E92-F50B-4D17-866F-6734DF0B87E4}.Release|Any CPU.Build.0 = Release|Any CPU
	EndGlobalSection
	GlobalSection(SolutionProperties) = preSolution
		HideSolutionNode = FALSE
	EndGlobalSection
	GlobalSection(ExtensibilityGlobals) = postSolution
		SolutionGuid = {62B9FF15-2309-4EAB-96FC-2DBFC4E9FFAE}
	EndGlobalSection
EndGlobal
